
Microsoft Visual Studio Solution File, Format Version 12.00
# Visual Studio Version 17
VisualStudioVersion = 17.4.33103.184
MinimumVisualStudioVersion = 10.0.40219.1
Project("{9A19103F-16F7-4668-BE54-9A1E7A4F7556}") = "HyperionApiClient", "HyperionApiClient\HyperionApiClient.csproj", "{B723600D-EBAB-46D3-AA24-573F2DC0A815}"
EndProject
Project("{9A19103F-16F7-4668-BE54-9A1E7A4F7556}") = "HyperionApiClient.UnitTests", "HyperionApiClient.UnitTests\HyperionApiClient.UnitTests.csproj", "{860B689C-36DA-4715-B140-E0E333C1BCA1}"
EndProject
Global
	GlobalSection(SolutionConfigurationPlatforms) = preSolution
		Debug|Any CPU = Debug|Any CPU
		Release|Any CPU = Release|Any CPU
	EndGlobalSection
	GlobalSection(ProjectConfigurationPlatforms) = postSolution
		{B723600D-EBAB-46D3-AA24-573F2DC0A815}.Debug|Any CPU.ActiveCfg = Debug|Any CPU
		{B723600D-EBAB-46D3-AA24-573F2DC0A815}.Debug|Any CPU.Build.0 = Debug|Any CPU
		{B723600D-EBAB-46D3-AA24-573F2DC0A815}.Release|Any CPU.ActiveCfg = Release|Any CPU
		{B723600D-EBAB-46D3-AA24-573F2DC0A815}.Release|Any CPU.Build.0 = Release|Any CPU
		{860B689C-36DA-4715-B140-E0E333C1BCA1}.Debug|Any CPU.ActiveCfg = Debug|Any CPU
		{860B689C-36DA-4715-B140-E0E333C1BCA1}.Debug|Any CPU.Build.0 = Debug|Any CPU
		{860B689C-36DA-4715-B140-E0E333C1BCA1}.Release|Any CPU.ActiveCfg = Release|Any CPU
		{860B689C-36DA-4715-B140-E0E333C1BCA1}.Release|Any CPU.Build.0 = Release|Any CPU
	EndGlobalSection
	GlobalSection(SolutionProperties) = preSolution
		HideSolutionNode = FALSE
	EndGlobalSection
	GlobalSection(ExtensibilityGlobals) = postSolution
		SolutionGuid = {13DF30AE-A8EC-472D-8F89-0DA651BEFEBC}
	EndGlobalSection
EndGlobal
